github.com/gaukas/watm v0.0.0-20240129210620-96dc8ca14ab5 h1:3xkHLgw4e1zdh2Jjpi9QOst8PXK7zQpBGBVCG6t3CPU=
github.com/gaukas/watm v0.0.0-20240129210620-96dc8ca14ab5/go.mod h1:mLFyATnu4nbN1ljCaCDLtXTeITkU7YdcJa3z3TPIDtg=
github.com/gaukas/wazero v1.6.5-w h1:tSQbdHJjYcH9GmQ/5aObsTdbsw44pRT2eqw8HXIuWKg=
github.com/gaukas/wazero v1.6.5-w/go.mod h1:0U0G41+ochRKoPKCJlh0jMg1CHkyfK8kDqiirMmKY8A=
